
Microsoft Visual Studio Solution File, Format Version 12.00
# Visual Studio Version 16
VisualStudioVersion = 16.0.30330.147
MinimumVisualStudioVersion = 10.0.40219.1
Project("{9A19103F-16F7-4668-BE54-9A1E7A4F7556}") = "HelloWorldTest", "HelloWorldTest\HelloWorldTest.csproj", "{20FAE56F-C0CE-4E1D-A925-FE9CD7B188CF}"
EndProject
Project("{9A19103F-16F7-4668-BE54-9A1E7A4F7556}") = "HelloWorld", "HelloWorld\HelloWorld.csproj", "{239AD718-CADB-4F86-B20C-23EF0BAD14D1}"
EndProject
Global
	GlobalSection(SolutionConfigurationPlatforms) = preSolution
		Debug|Any CPU = Debug|Any CPU
		Release|Any CPU = Release|Any CPU
	EndGlobalSection
	GlobalSection(ProjectConfigurationPlatforms) = postSolution
		{20FAE56F-C0CE-4E1D-A925-FE9CD7B188CF}.Debug|Any CPU.ActiveCfg = Debug|Any CPU
		{20FAE56F-C0CE-4E1D-A925-FE9CD7B188CF}.Debug|Any CPU.Build.0 = Debug|Any CPU
		{20FAE56F-C0CE-4E1D-A925-FE9CD7B188CF}.Release|Any CPU.ActiveCfg = Release|Any CPU
		{20FAE56F-C0CE-4E1D-A925-FE9CD7B188CF}.Release|Any CPU.Build.0 = Release|Any CPU
		{239AD718-CADB-4F86-B20C-23EF0BAD14D1}.Debug|Any CPU.ActiveCfg = Debug|Any CPU
		{239AD718-CADB-4F86-B20C-23EF0BAD14D1}.Debug|Any CPU.Build.0 = Debug|Any CPU
		{239AD718-CADB-4F86-B20C-23EF0BAD14D1}.Release|Any CPU.ActiveCfg = Release|Any CPU
		{239AD718-CADB-4F86-B20C-23EF0BAD14D1}.Release|Any CPU.Build.0 = Release|Any CPU
	EndGlobalSection
	GlobalSection(SolutionProperties) = preSolution
		HideSolutionNode = FALSE
	EndGlobalSection
	GlobalSection(ExtensibilityGlobals) = postSolution
		SolutionGuid = {F22C4DE0-11B2-4AA2-9041-5C347F50F7A5}
	EndGlobalSection
EndGlobal
